// !$*UTF8*$!
{
	archiveVersion = 1;
	classes = {
	};
	objectVersion = 55;
	objects = {

/* Begin PBXBuildFile section */
		5E4F15F127E530E000282B6F /* SquareLoadingView.swift in Sources */ = {isa = PBXBuildFile; fileRef = 5E4F15F027E530E000282B6F /* SquareLoadingView.swift */; };
		5E4F15F327E53BF700282B6F /* ViewBuilder.swift in Sources */ = {isa = PBXBuildFile; fileRef = 5E4F15F227E53BF700282B6F /* ViewBuilder.swift */; };
		5E79CD0227E38B04009A6F77 /* AppDelegate.swift in Sources */ = {isa = PBXBuildFile; fileRef = 5E79CD0127E38B04009A6F77 /* AppDelegate.swift */; };
		5E79CD0427E38B04009A6F77 /* SceneDelegate.swift in Sources */ = {isa = PBXBuildFile; fileRef = 5E79CD0327E38B04009A6F77 /* SceneDelegate.swift */; };
		5E79CD0627E38B04009A6F77 /* MoviesViewController.swift in Sources */ = {isa = PBXBuildFile; fileRef = 5E79CD0527E38B04009A6F77 /* MoviesViewController.swift */; };
		5E79CD0C27E38B04009A6F77 /* kepetrovaPW8.xcdatamodeld in Sources */ = {isa = PBXBuildFile; fileRef = 5E79CD0A27E38B04009A6F77 /* kepetrovaPW8.xcdatamodeld */; };
		5E79CD0E27E38B06009A6F77 /* Assets.xcassets in Resources */ = {isa = PBXBuildFile; fileRef = 5E79CD0D27E38B06009A6F77 /* Assets.xcassets */; };
		5E79CD1127E38B06009A6F77 /* LaunchScreen.storyboard in Resources */ = {isa = PBXBuildFile; fileRef = 5E79CD0F27E38B06009A6F77 /* LaunchScreen.storyboard */; };
		5E79CD1E27E38E96009A6F77 /* MovieCell.swift in Sources */ = {isa = PBXBuildFile; fileRef = 5E79CD1D27E38E96009A6F77 /* MovieCell.swift */; };
		5E79CD2027E39907009A6F77 /* MoviesViewModel.swift in Sources */ = {isa = PBXBuildFile; fileRef = 5E79CD1F27E39907009A6F77 /* MoviesViewModel.swift */; };
		5E79CD2227E39ABC009A6F77 /* MovieService.swift in Sources */ = {isa = PBXBuildFile; fileRef = 5E79CD2127E39ABC009A6F77 /* MovieService.swift */; };
		5E79CD2627E39B90009A6F77 /* MoviePresenterState.swift in Sources */ = {isa = PBXBuildFile; fileRef = 5E79CD2527E39B90009A6F77 /* MoviePresenterState.swift */; };
		5E79CD2827E39BFF009A6F77 /* Movie.swift in Sources */ = {isa = PBXBuildFile; fileRef = 5E79CD2727E39BFF009A6F77 /* Movie.swift */; };
		5E79CD2A27E39F26009A6F77 /* ErrorView.swift in Sources */ = {isa = PBXBuildFile; fileRef = 5E79CD2927E39F26009A6F77 /* ErrorView.swift */; };
		5EC9AC3C27E64C38005555AA /* SearchViewController.swift in Sources */ = {isa = PBXBuildFile; fileRef = 5EC9AC3B27E64C38005555AA /* SearchViewController.swift */; };
		5EC9AC4B27E65933005555AA /* SearchViewModel.swift in Sources */ = {isa = PBXBuildFile; fileRef = 5EC9AC4A27E65933005555AA /* SearchViewModel.swift */; };
		5EC9AC4D27E65B35005555AA /* SearchBuilder.swift in Sources */ = {isa = PBXBuildFile; fileRef = 5EC9AC4C27E65B35005555AA /* SearchBuilder.swift */; };
		5EC9AC7627E7AFD3005555AA /* DetailsViewBuilder.swift in Sources */ = {isa = PBXBuildFile; fileRef = 5EC9AC7527E7AFD3005555AA /* DetailsViewBuilder.swift */; };
		5EC9AC7827E7AFF4005555AA /* DetailsMovieViewController.swift in Sources */ = {isa = PBXBuildFile; fileRef = 5EC9AC7727E7AFF4005555AA /* DetailsMovieViewController.swift */; };
		5EC9AC7A27E7B19D005555AA /* DetailsMovie.swift in Sources */ = {isa = PBXBuildFile; fileRef = 5EC9AC7927E7B19D005555AA /* DetailsMovie.swift */; };
		5EC9AC7C27E7B34D005555AA /* DetailsMovieViewModel.swift in Sources */ = {isa = PBXBuildFile; fileRef = 5EC9AC7B27E7B34D005555AA /* DetailsMovieViewModel.swift */; };
/* End PBXBuildFile section */

/* Begin PBXFileReference section */
		5E4F15F027E530E000282B6F /* SquareLoadingView.swift */ = {isa = PBXFileReference; lastKnownFileType = sourcecode.swift; path = SquareLoadingView.swift; sourceTree = "<group>"; };
		5E4F15F227E53BF700282B6F /* ViewBuilder.swift */ = {isa = PBXFileReference; lastKnownFileType = sourcecode.swift; path = ViewBuilder.swift; sourceTree = "<group>"; };
		5E79CCFE27E38B04009A6F77 /* kepetrovaPW8.app */ = {isa = PBXFileReference; explicitFileType = wrapper.application; includeInIndex = 0; path = kepetrovaPW8.app; sourceTree = BUILT_PRODUCTS_DIR; };
		5E79CD0127E38B04009A6F77 /* AppDelegate.swift */ = {isa = PBXFileReference; lastKnownFileType = sourcecode.swift; path = AppDelegate.swift; sourceTree = "<group>"; };
		5E79CD0327E38B04009A6F77 /* SceneDelegate.swift */ = {isa = PBXFileReference; lastKnownFileType = sourcecode.swift; path = SceneDelegate.swift; sourceTree = "<group>"; };
		5E79CD0527E38B04009A6F77 /* MoviesViewController.swift */ = {isa = PBXFileReference; lastKnownFileType = sourcecode.swift; path = MoviesViewController.swift; sourceTree = "<group>"; };
		5E79CD0B27E38B04009A6F77 /* kepetrovaPW8.xcdatamodel */ = {isa = PBXFileReference; lastKnownFileType = wrapper.xcdatamodel; path = kepetrovaPW8.xcdatamodel; sourceTree = "<group>"; };
		5E79CD0D27E38B06009A6F77 /* Assets.xcassets */ = {isa = PBXFileReference; lastKnownFileType = folder.assetcatalog; path = Assets.xcassets; sourceTree = "<group>"; };
		5E79CD1027E38B06009A6F77 /* Base */ = {isa = PBXFileReference; lastKnownFileType = file.storyboard; name = Base; path = Base.lproj/LaunchScreen.storyboard; sourceTree = "<group>"; };
		5E79CD1227E38B06009A6F77 /* Info.plist */ = {isa = PBXFileReference; lastKnownFileType = text.plist.xml; path = Info.plist; sourceTree = "<group>"; };
		5E79CD1D27E38E96009A6F77 /* MovieCell.swift */ = {isa = PBXFileReference; lastKnownFileType = sourcecode.swift; path = MovieCell.swift; sourceTree = "<group>"; };
		5E79CD1F27E39907009A6F77 /* MoviesViewModel.swift */ = {isa = PBXFileReference; lastKnownFileType = sourcecode.swift; path = MoviesViewModel.swift; sourceTree = "<group>"; };
		5E79CD2127E39ABC009A6F77 /* MovieService.swift */ = {isa = PBXFileReference; lastKnownFileType = sourcecode.swift; path = MovieService.swift; sourceTree = "<group>"; };
		5E79CD2527E39B90009A6F77 /* MoviePresenterState.swift */ = {isa = PBXFileReference; lastKnownFileType = sourcecode.swift; path = MoviePresenterState.swift; sourceTree = "<group>"; };
		5E79CD2727E39BFF009A6F77 /* Movie.swift */ = {isa = PBXFileReference; lastKnownFileType = sourcecode.swift; path = Movie.swift; sourceTree = "<group>"; };
		5E79CD2927E39F26009A6F77 /* ErrorView.swift */ = {isa = PBXFileReference; lastKnownFileType = sourcecode.swift; path = ErrorView.swift; sourceTree = "<group>"; };
		5EC9AC3B27E64C38005555AA /* SearchViewController.swift */ = {isa = PBXFileReference; lastKnownFileType = sourcecode.swift; path = SearchViewController.swift; sourceTree = "<group>"; };
		5EC9AC4A27E65933005555AA /* SearchViewModel.swift */ = {isa = PBXFileReference; lastKnownFileType = sourcecode.swift; name = SearchViewModel.swift; path = kepetrovaPW8/Common/SearchViewModel.swift; sourceTree = SOURCE_ROOT; };
		5EC9AC4C27E65B35005555AA /* SearchBuilder.swift */ = {isa = PBXFileReference; lastKnownFileType = sourcecode.swift; path = SearchBuilder.swift; sourceTree = "<group>"; };
		5EC9AC7527E7AFD3005555AA /* DetailsViewBuilder.swift */ = {isa = PBXFileReference; lastKnownFileType = sourcecode.swift; path = DetailsViewBuilder.swift; sourceTree = "<group>"; };
		5EC9AC7727E7AFF4005555AA /* DetailsMovieViewController.swift */ = {isa = PBXFileReference; lastKnownFileType = sourcecode.swift; path = DetailsMovieViewController.swift; sourceTree = "<group>"; };
		5EC9AC7927E7B19D005555AA /* DetailsMovie.swift */ = {isa = PBXFileReference; lastKnownFileType = sourcecode.swift; path = DetailsMovie.swift; sourceTree = "<group>"; };
		5EC9AC7B27E7B34D005555AA /* DetailsMovieViewModel.swift */ = {isa = PBXFileReference; lastKnownFileType = sourcecode.swift; path = DetailsMovieViewModel.swift; sourceTree = "<group>"; };
/* End PBXFileReference section */

/* Begin PBXFrameworksBuildPhase section */
		5E79CCFB27E38B04009A6F77 /* Frameworks */ = {
			isa = PBXFrameworksBuildPhase;
			buildActionMask = 2147483647;
			files = (
			);
			runOnlyForDeploymentPostprocessing = 0;
		};
/* End PBXFrameworksBuildPhase section */

/* Begin PBXGroup section */
		5E79CCF527E38B04009A6F77 = {
			isa = PBXGroup;
			children = (
				5E79CD0027E38B04009A6F77 /* kepetrovaPW8 */,
				5E79CCFF27E38B04009A6F77 /* Products */,
			);
			sourceTree = "<group>";
		};
		5E79CCFF27E38B04009A6F77 /* Products */ = {
			isa = PBXGroup;
			children = (
				5E79CCFE27E38B04009A6F77 /* kepetrovaPW8.app */,
			);
			name = Products;
			sourceTree = "<group>";
		};
		5E79CD0027E38B04009A6F77 /* kepetrovaPW8 */ = {
			isa = PBXGroup;
			children = (
				5E79CD1827E38B7C009A6F77 /* API Service */,
				5E79CD1C27E38BFC009A6F77 /* Common */,
				5EC9AC3E27E651B5005555AA /* TopMovies */,
				5EC9AC3F27E651DC005555AA /* SearchMovies */,
				5EC9AC7027E7AF62005555AA /* DetailsMovie */,
				5E79CD0D27E38B06009A6F77 /* Assets.xcassets */,
				5E79CD0F27E38B06009A6F77 /* LaunchScreen.storyboard */,
				5E79CD1227E38B06009A6F77 /* Info.plist */,
				5E79CD0A27E38B04009A6F77 /* kepetrovaPW8.xcdatamodeld */,
			);
			path = kepetrovaPW8;
			sourceTree = "<group>";
		};
		5E79CD1827E38B7C009A6F77 /* API Service */ = {
			isa = PBXGroup;
			children = (
				5E79CD2127E39ABC009A6F77 /* MovieService.swift */,
			);
			path = "API Service";
			sourceTree = "<group>";
		};
		5E79CD1927E38BD4009A6F77 /* Model */ = {
			isa = PBXGroup;
			children = (
				5E79CD2527E39B90009A6F77 /* MoviePresenterState.swift */,
				5E79CD2727E39BFF009A6F77 /* Movie.swift */,
			);
			path = Model;
			sourceTree = "<group>";
		};
		5E79CD1A27E38BDD009A6F77 /* View */ = {
			isa = PBXGroup;
			children = (
				5E79CD0527E38B04009A6F77 /* MoviesViewController.swift */,
				5E79CD1D27E38E96009A6F77 /* MovieCell.swift */,
				5E4F15F027E530E000282B6F /* SquareLoadingView.swift */,
			);
			path = View;
			sourceTree = "<group>";
		};
		5E79CD1B27E38BE8009A6F77 /* View Model */ = {
			isa = PBXGroup;
			children = (
				5E79CD1F27E39907009A6F77 /* MoviesViewModel.swift */,
			);
			path = "View Model";
			sourceTree = "<group>";
		};
		5E79CD1C27E38BFC009A6F77 /* Common */ = {
			isa = PBXGroup;
			children = (
				5E79CD0127E38B04009A6F77 /* AppDelegate.swift */,
				5E79CD0327E38B04009A6F77 /* SceneDelegate.swift */,
				5E79CD2927E39F26009A6F77 /* ErrorView.swift */,
			);
			path = Common;
			sourceTree = "<group>";
		};
		5EC9AC3E27E651B5005555AA /* TopMovies */ = {
			isa = PBXGroup;
			children = (
				5E4F15F227E53BF700282B6F /* ViewBuilder.swift */,
				5E79CD1927E38BD4009A6F77 /* Model */,
				5E79CD1A27E38BDD009A6F77 /* View */,
				5E79CD1B27E38BE8009A6F77 /* View Model */,
			);
			path = TopMovies;
			sourceTree = "<group>";
		};
		5EC9AC3F27E651DC005555AA /* SearchMovies */ = {
			isa = PBXGroup;
			children = (
				5EC9AC4027E651F9005555AA /* Model */,
				5EC9AC4127E65206005555AA /* View */,
				5EC9AC4327E65221005555AA /* View Model */,
				5EC9AC4C27E65B35005555AA /* SearchBuilder.swift */,
			);
			path = SearchMovies;
			sourceTree = "<group>";
		};
		5EC9AC4027E651F9005555AA /* Model */ = {
			isa = PBXGroup;
			children = (
			);
			path = Model;
			sourceTree = "<group>";
		};
		5EC9AC4127E65206005555AA /* View */ = {
			isa = PBXGroup;
			children = (
				5EC9AC3B27E64C38005555AA /* SearchViewController.swift */,
			);
			path = View;
			sourceTree = "<group>";
		};
		5EC9AC4327E65221005555AA /* View Model */ = {
			isa = PBXGroup;
			children = (
				5EC9AC4A27E65933005555AA /* SearchViewModel.swift */,
			);
			path = "View Model";
			sourceTree = "<group>";
		};
		5EC9AC7027E7AF62005555AA /* DetailsMovie */ = {
			isa = PBXGroup;
			children = (
				5EC9AC7227E7AF94005555AA /* Model */,
				5EC9AC7427E7AFA4005555AA /* View */,
				5EC9AC7327E7AF9C005555AA /* View Model */,
				5EC9AC7527E7AFD3005555AA /* DetailsViewBuilder.swift */,
			);
			path = DetailsMovie;
			sourceTree = "<group>";
		};
		5EC9AC7227E7AF94005555AA /* Model */ = {
			isa = PBXGroup;
			children = (
				5EC9AC7927E7B19D005555AA /* DetailsMovie.swift */,
			);
			path = Model;
			sourceTree = "<group>";
		};
		5EC9AC7327E7AF9C005555AA /* View Model */ = {
			isa = PBXGroup;
			children = (
				5EC9AC7B27E7B34D005555AA /* DetailsMovieViewModel.swift */,
			);
			path = "View Model";
			sourceTree = "<group>";
		};
		5EC9AC7427E7AFA4005555AA /* View */ = {
			isa = PBXGroup;
			children = (
				5EC9AC7727E7AFF4005555AA /* DetailsMovieViewController.swift */,
			);
			path = View;
			sourceTree = "<group>";
		};
/* End PBXGroup section */

/* Begin PBXNativeTarget section */
		5E79CCFD27E38B04009A6F77 /* kepetrovaPW8 */ = {
			isa = PBXNativeTarget;
			buildConfigurationList = 5E79CD1527E38B06009A6F77 /* Build configuration list for PBXNativeTarget "kepetrovaPW8" */;
			buildPhases = (
				5E79CCFA27E38B04009A6F77 /* Sources */,
				5E79CCFB27E38B04009A6F77 /* Frameworks */,
				5E79CCFC27E38B04009A6F77 /* Resources */,
			);
			buildRules = (
			);
			dependencies = (
			);
			name = kepetrovaPW8;
			productName = kepetrovaPW8;
			productReference = 5E79CCFE27E38B04009A6F77 /* kepetrovaPW8.app */;
			productType = "com.apple.product-type.application";
		};
/* End PBXNativeTarget section */

/* Begin PBXProject section */
		5E79CCF627E38B04009A6F77 /* Project object */ = {
			isa = PBXProject;
			attributes = {
				BuildIndependentTargetsInParallel = 1;
				LastSwiftUpdateCheck = 1320;
				LastUpgradeCheck = 1320;
				TargetAttributes = {
					5E79CCFD27E38B04009A6F77 = {
						CreatedOnToolsVersion = 13.2.1;
					};
				};
			};
			buildConfigurationList = 5E79CCF927E38B04009A6F77 /* Build configuration list for PBXProject "kepetrovaPW8" */;
			compatibilityVersion = "Xcode 13.0";
			developmentRegion = en;
			hasScannedForEncodings = 0;
			knownRegions = (
				en,
				Base,
			);
			mainGroup = 5E79CCF527E38B04009A6F77;
			productRefGroup = 5E79CCFF27E38B04009A6F77 /* Products */;
			projectDirPath = "";
			projectRoot = "";
			targets = (
				5E79CCFD27E38B04009A6F77 /* kepetrovaPW8 */,
			);
		};
/* End PBXProject section */

/* Begin PBXResourcesBuildPhase section */
		5E79CCFC27E38B04009A6F77 /* Resources */ = {
			isa = PBXResourcesBuildPhase;
			buildActionMask = 2147483647;
			files = (
				5E79CD1127E38B06009A6F77 /* LaunchScreen.storyboard in Resources */,
				5E79CD0E27E38B06009A6F77 /* Assets.xcassets in Resources */,
			);
			runOnlyForDeploymentPostprocessing = 0;
		};
/* End PBXResourcesBuildPhase section */

/* Begin PBXSourcesBuildPhase section */
		5E79CCFA27E38B04009A6F77 /* Sources */ = {
			isa = PBXSourcesBuildPhase;
			buildActionMask = 2147483647;
			files = (
				5E79CD1E27E38E96009A6F77 /* MovieCell.swift in Sources */,
				5E79CD2027E39907009A6F77 /* MoviesViewModel.swift in Sources */,
				5E79CD0627E38B04009A6F77 /* MoviesViewController.swift in Sources */,
				5EC9AC7827E7AFF4005555AA /* DetailsMovieViewController.swift in Sources */,
				5E79CD2A27E39F26009A6F77 /* ErrorView.swift in Sources */,
				5E79CD0C27E38B04009A6F77 /* kepetrovaPW8.xcdatamodeld in Sources */,
				5E79CD2827E39BFF009A6F77 /* Movie.swift in Sources */,
				5E79CD0227E38B04009A6F77 /* AppDelegate.swift in Sources */,
				5E79CD0427E38B04009A6F77 /* SceneDelegate.swift in Sources */,
				5EC9AC4D27E65B35005555AA /* SearchBuilder.swift in Sources */,
				5EC9AC4B27E65933005555AA /* SearchViewModel.swift in Sources */,
				5EC9AC3C27E64C38005555AA /* SearchViewController.swift in Sources */,
				5EC9AC7C27E7B34D005555AA /* DetailsMovieViewModel.swift in Sources */,
				5EC9AC7627E7AFD3005555AA /* DetailsViewBuilder.swift in Sources */,
				5E4F15F327E53BF700282B6F /* ViewBuilder.swift in Sources */,
				5E79CD2227E39ABC009A6F77 /* MovieService.swift in Sources */,
				5E79CD2627E39B90009A6F77 /* MoviePresenterState.swift in Sources */,
				5E4F15F127E530E000282B6F /* SquareLoadingView.swift in Sources */,
				5EC9AC7A27E7B19D005555AA /* DetailsMovie.swift in Sources */,
			);
			runOnlyForDeploymentPostprocessing = 0;
		};
/* End PBXSourcesBuildPhase section */

/* Begin PBXVariantGroup section */
		5E79CD0F27E38B06009A6F77 /* LaunchScreen.storyboard */ = {
			isa = PBXVariantGroup;
			children = (
				5E79CD1027E38B06009A6F77 /* Base */,
			);
			name = LaunchScreen.storyboard;
			sourceTree = "<group>";
		};
/* End PBXVariantGroup section */

/* Begin XCBuildConfiguration section */
		5E79CD1327E38B06009A6F77 /* Debug */ = {
			isa = XCBuildConfiguration;
			buildSettings = {
				ALWAYS_SEARCH_USER_PATHS = NO;
				CLANG_ANALYZER_NONNULL = YES;
				CLANG_ANALYZER_NUMBER_OBJECT_CONVERSION = YES_AGGRESSIVE;
				CLANG_CXX_LANGUAGE_STANDARD = "gnu++17";
				CLANG_CXX_LIBRARY = "libc++";
				CLANG_ENABLE_MODULES = YES;
				CLANG_ENABLE_OBJC_ARC = YES;
				CLANG_ENABLE_OBJC_WEAK = YES;
				CLANG_WARN_BLOCK_CAPTURE_AUTORELEASING = YES;
				CLANG_WARN_BOOL_CONVERSION = YES;
				CLANG_WARN_COMMA = YES;
				CLANG_WARN_CONSTANT_CONVERSION = YES;
				CLANG_WARN_DEPRECATED_OBJC_IMPLEMENTATIONS = YES;
				CLANG_WARN_DIRECT_OBJC_ISA_USAGE = YES_ERROR;
				CLANG_WARN_DOCUMENTATION_COMMENTS = YES;
				CLANG_WARN_EMPTY_BODY = YES;
				CLANG_WARN_ENUM_CONVERSION = YES;
				CLANG_WARN_INFINITE_RECURSION = YES;
				CLANG_WARN_INT_CONVERSION = YES;
				CLANG_WARN_NON_LITERAL_NULL_CONVERSION = YES;
				CLANG_WARN_OBJC_IMPLICIT_RETAIN_SELF = YES;
				CLANG_WARN_OBJC_LITERAL_CONVERSION = YES;
				CLANG_WARN_OBJC_ROOT_CLASS = YES_ERROR;
				CLANG_WARN_QUOTED_INCLUDE_IN_FRAMEWORK_HEADER = YES;
				CLANG_WARN_RANGE_LOOP_ANALYSIS = YES;
				CLANG_WARN_STRICT_PROTOTYPES = YES;
				CLANG_WARN_SUSPICIOUS_MOVE = YES;
				CLANG_WARN_UNGUARDED_AVAILABILITY = YES_AGGRESSIVE;
				CLANG_WARN_UNREACHABLE_CODE = YES;
				CLANG_WARN__DUPLICATE_METHOD_MATCH = YES;
				COPY_PHASE_STRIP = NO;
				DEBUG_INFORMATION_FORMAT = dwarf;
				ENABLE_STRICT_OBJC_MSGSEND = YES;
				ENABLE_TESTABILITY = YES;
				GCC_C_LANGUAGE_STANDARD = gnu11;
				GCC_DYNAMIC_NO_PIC = NO;
				GCC_NO_COMMON_BLOCKS = YES;
				GCC_OPTIMIZATION_LEVEL = 0;
				GCC_PREPROCESSOR_DEFINITIONS = (
					"DEBUG=1",
					"$(inherited)",
				);
				GCC_WARN_64_TO_32_BIT_CONVERSION = YES;
				GCC_WARN_ABOUT_RETURN_TYPE = YES_ERROR;
				GCC_WARN_UNDECLARED_SELECTOR = YES;
				GCC_WARN_UNINITIALIZED_AUTOS = YES_AGGRESSIVE;
				GCC_WARN_UNUSED_FUNCTION = YES;
				GCC_WARN_UNUSED_VARIABLE = YES;
				IPHONEOS_DEPLOYMENT_TARGET = 15.2;
				MTL_ENABLE_DEBUG_INFO = INCLUDE_SOURCE;
				MTL_FAST_MATH = YES;
				ONLY_ACTIVE_ARCH = YES;
				SDKROOT = iphoneos;
				SWIFT_ACTIVE_COMPILATION_CONDITIONS = DEBUG;
				SWIFT_OPTIMIZATION_LEVEL = "-Onone";
			};
			name = Debug;
		};
		5E79CD1427E38B06009A6F77 /* Release */ = {
			isa = XCBuildConfiguration;
			buildSettings = {
				ALWAYS_SEARCH_USER_PATHS = NO;
				CLANG_ANALYZER_NONNULL = YES;
				CLANG_ANALYZER_NUMBER_OBJECT_CONVERSION = YES_AGGRESSIVE;
				CLANG_CXX_LANGUAGE_STANDARD = "gnu++17";
				CLANG_CXX_LIBRARY = "libc++";
				CLANG_ENABLE_MODULES = YES;
				CLANG_ENABLE_OBJC_ARC = YES;
				CLANG_ENABLE_OBJC_WEAK = YES;
				CLANG_WARN_BLOCK_CAPTURE_AUTORELEASING = YES;
				CLANG_WARN_BOOL_CONVERSION = YES;
				CLANG_WARN_COMMA = YES;
				CLANG_WARN_CONSTANT_CONVERSION = YES;
				CLANG_WARN_DEPRECATED_OBJC_IMPLEMENTATIONS = YES;
				CLANG_WARN_DIRECT_OBJC_ISA_USAGE = YES_ERROR;
				CLANG_WARN_DOCUMENTATION_COMMENTS = YES;
				CLANG_WARN_EMPTY_BODY = YES;
				CLANG_WARN_ENUM_CONVERSION = YES;
				CLANG_WARN_INFINITE_RECURSION = YES;
				CLANG_WARN_INT_CONVERSION = YES;
				CLANG_WARN_NON_LITERAL_NULL_CONVERSION = YES;
				CLANG_WARN_OBJC_IMPLICIT_RETAIN_SELF = YES;
				CLANG_WARN_OBJC_LITERAL_CONVERSION = YES;
				CLANG_WARN_OBJC_ROOT_CLASS = YES_ERROR;
				CLANG_WARN_QUOTED_INCLUDE_IN_FRAMEWORK_HEADER = YES;
				CLANG_WARN_RANGE_LOOP_ANALYSIS = YES;
				CLANG_WARN_STRICT_PROTOTYPES = YES;
				CLANG_WARN_SUSPICIOUS_MOVE = YES;
				CLANG_WARN_UNGUARDED_AVAILABILITY = YES_AGGRESSIVE;
				CLANG_WARN_UNREACHABLE_CODE = YES;
				CLANG_WARN__DUPLICATE_METHOD_MATCH = YES;
				COPY_PHASE_STRIP = NO;
				DEBUG_INFORMATION_FORMAT = "dwarf-with-dsym";
				ENABLE_NS_ASSERTIONS = NO;
				ENABLE_STRICT_OBJC_MSGSEND = YES;
				GCC_C_LANGUAGE_STANDARD = gnu11;
				GCC_NO_COMMON_BLOCKS = YES;
				GCC_WARN_64_TO_32_BIT_CONVERSION = YES;
				GCC_WARN_ABOUT_RETURN_TYPE = YES_ERROR;
				GCC_WARN_UNDECLARED_SELECTOR = YES;
				GCC_WARN_UNINITIALIZED_AUTOS = YES_AGGRESSIVE;
				GCC_WARN_UNUSED_FUNCTION = YES;
				GCC_WARN_UNUSED_VARIABLE = YES;
				IPHONEOS_DEPLOYMENT_TARGET = 15.2;
				MTL_ENABLE_DEBUG_INFO = NO;
				MTL_FAST_MATH = YES;
				SDKROOT = iphoneos;
				SWIFT_COMPILATION_MODE = wholemodule;
				SWIFT_OPTIMIZATION_LEVEL = "-O";
				VALIDATE_PRODUCT = YES;
			};
			name = Release;
		};
		5E79CD1627E38B06009A6F77 /* Debug */ = {
			isa = XCBuildConfiguration;
			buildSettings = {
				ASSETCATALOG_COMPILER_APPICON_NAME = AppIcon;
				ASSETCATALOG_COMPILER_GLOBAL_ACCENT_COLOR_NAME = AccentColor;
				CODE_SIGN_STYLE = Automatic;
				CURRENT_PROJECT_VERSION = 1;
				GENERATE_INFOPLIST_FILE = YES;
				INFOPLIST_FILE = kepetrovaPW8/Info.plist;
				INFOPLIST_KEY_UIApplicationSupportsIndirectInputEvents = YES;
				INFOPLIST_KEY_UILaunchStoryboardName = LaunchScreen;
				INFOPLIST_KEY_UISupportedInterfaceOrientations_iPad = "UIInterfaceOrientationPortrait UIInterfaceOrientationPortraitUpsideDown UIInterfaceOrientationLandscapeLeft UIInterfaceOrientationLandscapeRight";
				INFOPLIST_KEY_UISupportedInterfaceOrientations_iPhone = "UIInterfaceOrientationPortrait UIInterfaceOrientationLandscapeLeft UIInterfaceOrientationLandscapeRight";
				LD_RUNPATH_SEARCH_PATHS = (
					"$(inherited)",
					"@executable_path/Frameworks",
				);
				MARKETING_VERSION = 1.0;
				PRODUCT_BUNDLE_IDENTIFIER = hse.kepetrovaPW8;
				PRODUCT_NAME = "$(TARGET_NAME)";
				SWIFT_EMIT_LOC_STRINGS = YES;
				SWIFT_VERSION = 5.0;
				TARGETED_DEVICE_FAMILY = "1,2";
			};
			name = Debug;
		};
		5E79CD1727E38B06009A6F77 /* Release */ = {
			isa = XCBuildConfiguration;
			buildSettings = {
				ASSETCATALOG_COMPILER_APPICON_NAME = AppIcon;
				ASSETCATALOG_COMPILER_GLOBAL_ACCENT_COLOR_NAME = AccentColor;
				CODE_SIGN_STYLE = Automatic;
				CURRENT_PROJECT_VERSION = 1;
				GENERATE_INFOPLIST_FILE = YES;
				INFOPLIST_FILE = kepetrovaPW8/Info.plist;
				INFOPLIST_KEY_UIApplicationSupportsIndirectInputEvents = YES;
				INFOPLIST_KEY_UILaunchStoryboardName = LaunchScreen;
				INFOPLIST_KEY_UISupportedInterfaceOrientations_iPad = "UIInterfaceOrientationPortrait UIInterfaceOrientationPortraitUpsideDown UIInterfaceOrientationLandscapeLeft UIInterfaceOrientationLandscapeRight";
				INFOPLIST_KEY_UISupportedInterfaceOrientations_iPhone = "UIInterfaceOrientationPortrait UIInterfaceOrientationLandscapeLeft UIInterfaceOrientationLandscapeRight";
				LD_RUNPATH_SEARCH_PATHS = (
					"$(inherited)",
					"@executable_path/Frameworks",
				);
				MARKETING_VERSION = 1.0;
				PRODUCT_BUNDLE_IDENTIFIER = hse.kepetrovaPW8;
				PRODUCT_NAME = "$(TARGET_NAME)";
				SWIFT_EMIT_LOC_STRINGS = YES;
				SWIFT_VERSION = 5.0;
				TARGETED_DEVICE_FAMILY = "1,2";
			};
			name = Release;
		};
/* End XCBuildConfiguration section */

/* Begin XCConfigurationList section */
		5E79CCF927E38B04009A6F77 /* Build configuration list for PBXProject "kepetrovaPW8" */ = {
			isa = XCConfigurationList;
			buildConfigurations = (
				5E79CD1327E38B06009A6F77 /* Debug */,
				5E79CD1427E38B06009A6F77 /* Release */,
			);
			defaultConfigurationIsVisible = 0;
			defaultConfigurationName = Release;
		};
		5E79CD1527E38B06009A6F77 /* Build configuration list for PBXNativeTarget "kepetrovaPW8" */ = {
			isa = XCConfigurationList;
			buildConfigurations = (
				5E79CD1627E38B06009A6F77 /* Debug */,
				5E79CD1727E38B06009A6F77 /* Release */,
			);
			defaultConfigurationIsVisible = 0;
			defaultConfigurationName = Release;
		};
/* End XCConfigurationList section */

/* Begin XCVersionGroup section */
		5E79CD0A27E38B04009A6F77 /* kepetrovaPW8.xcdatamodeld */ = {
			isa = XCVersionGroup;
			children = (
				5E79CD0B27E38B04009A6F77 /* kepetrovaPW8.xcdatamodel */,
			);
			currentVersion = 5E79CD0B27E38B04009A6F77 /* kepetrovaPW8.xcdatamodel */;
			path = kepetrovaPW8.xcdatamodeld;
			sourceTree = "<group>";
			versionGroupType = wrapper.xcdatamodel;
		};
/* End XCVersionGroup section */
	};
	rootObject = 5E79CCF627E38B04009A6F77 /* Project object */;
}
